
Microsoft Visual Studio Solution File, Format Version 12.00
# Visual Studio Version 16
VisualStudioVersion = 16.0.32929.386
MinimumVisualStudioVersion = 10.0.40219.1
Project("{FAE04EC0-301F-11D3-BF4B-00C04F79EFBC}") = "signupSignIn", "signupSignin\signupSignIn.csproj", "{1C41CDC4-B63A-41EC-83D3-85E2CB696A33}"
EndProject
Global
	GlobalSection(SolutionConfigurationPlatforms) = preSolution
		Debug|Any CPU = Debug|Any CPU
		Release|Any CPU = Release|Any CPU
	EndGlobalSection
	GlobalSection(ProjectConfigurationPlatforms) = postSolution
		{1C41CDC4-B63A-41EC-83D3-85E2CB696A33}.Debug|Any CPU.ActiveCfg = Debug|Any CPU
		{1C41CDC4-B63A-41EC-83D3-85E2CB696A33}.Debug|Any CPU.Build.0 = Debug|Any CPU
		{1C41CDC4-B63A-41EC-83D3-85E2CB696A33}.Release|Any CPU.ActiveCfg = Release|Any CPU
		{1C41CDC4-B63A-41EC-83D3-85E2CB696A33}.Release|Any CPU.Build.0 = Release|Any CPU
	EndGlobalSection
	GlobalSection(SolutionProperties) = preSolution
		HideSolutionNode = FALSE
	EndGlobalSection
	GlobalSection(ExtensibilityGlobals) = postSolution
		SolutionGuid = {F6248CF8-1AD1-4D58-9B13-B4A01A6AA981}
	EndGlobalSection
EndGlobal
